
Microsoft Visual Studio Solution File, Format Version 12.00
# Visual Studio Version 16
VisualStudioVersion = 16.0.30128.74
MinimumVisualStudioVersion = 10.0.40219.1
Project("{FAE04EC0-301F-11D3-BF4B-00C04F79EFBC}") = "QR1-V2", "QR1-V2.csproj", "{0D5D5FB0-0CF1-416A-9AA2-449C00D62937}"
EndProject
Global
	GlobalSection(SolutionConfigurationPlatforms) = preSolution
		Debug|Any CPU = Debug|Any CPU
		Release|Any CPU = Release|Any CPU
	EndGlobalSection
	GlobalSection(ProjectConfigurationPlatforms) = postSolution
		{0D5D5FB0-0CF1-416A-9AA2-449C00D62937}.Debug|Any CPU.ActiveCfg = Debug|Any CPU
		{0D5D5FB0-0CF1-416A-9AA2-449C00D62937}.Debug|Any CPU.Build.0 = Debug|Any CPU
		{0D5D5FB0-0CF1-416A-9AA2-449C00D62937}.Release|Any CPU.ActiveCfg = Release|Any CPU
		{0D5D5FB0-0CF1-416A-9AA2-449C00D62937}.Release|Any CPU.Build.0 = Release|Any CPU
	EndGlobalSection
	GlobalSection(SolutionProperties) = preSolution
		HideSolutionNode = FALSE
	EndGlobalSection
	GlobalSection(ExtensibilityGlobals) = postSolution
		SolutionGuid = {4BC58D6D-BA48-4F72-9978-18B069C3CDF2}
	EndGlobalSection
EndGlobal
